
Microsoft Visual Studio Solution File, Format Version 12.00
# Visual Studio Version 16
VisualStudioVersion = 16.0.33130.400
MinimumVisualStudioVersion = 10.0.40219.1
Project("{FAE04EC0-301F-11D3-BF4B-00C04F79EFBC}") = "TestDeploy", "TestDeploy\TestDeploy.csproj", "{21240644-92AF-4085-916D-2896A47B74C7}"
EndProject
Global
	GlobalSection(SolutionConfigurationPlatforms) = preSolution
		Debug|Any CPU = Debug|Any CPU
		Release|Any CPU = Release|Any CPU
	EndGlobalSection
	GlobalSection(ProjectConfigurationPlatforms) = postSolution
		{21240644-92AF-4085-916D-2896A47B74C7}.Debug|Any CPU.ActiveCfg = Debug|Any CPU
		{21240644-92AF-4085-916D-2896A47B74C7}.Debug|Any CPU.Build.0 = Debug|Any CPU
		{21240644-92AF-4085-916D-2896A47B74C7}.Release|Any CPU.ActiveCfg = Release|Any CPU
		{21240644-92AF-4085-916D-2896A47B74C7}.Release|Any CPU.Build.0 = Release|Any CPU
	EndGlobalSection
	GlobalSection(SolutionProperties) = preSolution
		HideSolutionNode = FALSE
	EndGlobalSection
	GlobalSection(ExtensibilityGlobals) = postSolution
		SolutionGuid = {615E1100-5DEA-4449-AF2F-8E784E197110}
	EndGlobalSection
EndGlobal
